
Microsoft Visual Studio Solution File, Format Version 12.00
# Visual Studio 15
VisualStudioVersion = 15.0.28307.852
MinimumVisualStudioVersion = 10.0.40219.1
Project("{FAE04EC0-301F-11D3-BF4B-00C04F79EFBC}") = "DataGenerator", "DataGenerator\DataGenerator.csproj", "{B367F616-A1FD-4263-8706-3099D1CD37C5}"
EndProject
Global
	GlobalSection(SolutionConfigurationPlatforms) = preSolution
		Debug|Any CPU = Debug|Any CPU
		Release|Any CPU = Release|Any CPU
	EndGlobalSection
	GlobalSection(ProjectConfigurationPlatforms) = postSolution
		{B367F616-A1FD-4263-8706-3099D1CD37C5}.Debug|Any CPU.ActiveCfg = Debug|Any CPU
		{B367F616-A1FD-4263-8706-3099D1CD37C5}.Debug|Any CPU.Build.0 = Debug|Any CPU
		{B367F616-A1FD-4263-8706-3099D1CD37C5}.Release|Any CPU.ActiveCfg = Release|Any CPU
		{B367F616-A1FD-4263-8706-3099D1CD37C5}.Release|Any CPU.Build.0 = Release|Any CPU
	EndGlobalSection
	GlobalSection(SolutionProperties) = preSolution
		HideSolutionNode = FALSE
	EndGlobalSection
	GlobalSection(ExtensibilityGlobals) = postSolution
		SolutionGuid = {B4621563-92F4-4361-8FD6-0E6C26D57955}
	EndGlobalSection
EndGlobal
